
Microsoft Visual Studio Solution File, Format Version 12.00
# Visual Studio Version 16
VisualStudioVersion = 16.0.28922.388
MinimumVisualStudioVersion = 10.0.40219.1
Project("{9A19103F-16F7-4668-BE54-9A1E7A4F7556}") = "GeofencingWebApi", "GeofencingWebApi.csproj", "{031E0641-2B19-4AF3-A378-910756CE322C}"
EndProject
Global
	GlobalSection(SolutionConfigurationPlatforms) = preSolution
		Debug|Any CPU = Debug|Any CPU
		Release|Any CPU = Release|Any CPU
	EndGlobalSection
	GlobalSection(ProjectConfigurationPlatforms) = postSolution
		{031E0641-2B19-4AF3-A378-910756CE322C}.Debug|Any CPU.ActiveCfg = Debug|Any CPU
		{031E0641-2B19-4AF3-A378-910756CE322C}.Debug|Any CPU.Build.0 = Debug|Any CPU
		{031E0641-2B19-4AF3-A378-910756CE322C}.Release|Any CPU.ActiveCfg = Release|Any CPU
		{031E0641-2B19-4AF3-A378-910756CE322C}.Release|Any CPU.Build.0 = Release|Any CPU
	EndGlobalSection
	GlobalSection(SolutionProperties) = preSolution
		HideSolutionNode = FALSE
	EndGlobalSection
	GlobalSection(ExtensibilityGlobals) = postSolution
		SolutionGuid = {F7BD2200-1060-4DA0-9360-F09FAD21E6F3}
	EndGlobalSection
EndGlobal
